
Microsoft Visual Studio Solution File, Format Version 12.00
# Visual Studio 15
VisualStudioVersion = 15.0.27703.2035
MinimumVisualStudioVersion = 10.0.40219.1
Project("{FAE04EC0-301F-11D3-BF4B-00C04F79EFBC}") = "Printer", "Printer\Printer.csproj", "{A903DD96-0457-4827-AB78-EA35AAD6E8CA}"
EndProject
Global
	GlobalSection(SolutionConfigurationPlatforms) = preSolution
		Debug|Any CPU = Debug|Any CPU
		Release|Any CPU = Release|Any CPU
	EndGlobalSection
	GlobalSection(ProjectConfigurationPlatforms) = postSolution
		{A903DD96-0457-4827-AB78-EA35AAD6E8CA}.Debug|Any CPU.ActiveCfg = Debug|Any CPU
		{A903DD96-0457-4827-AB78-EA35AAD6E8CA}.Debug|Any CPU.Build.0 = Debug|Any CPU
		{A903DD96-0457-4827-AB78-EA35AAD6E8CA}.Release|Any CPU.ActiveCfg = Release|Any CPU
		{A903DD96-0457-4827-AB78-EA35AAD6E8CA}.Release|Any CPU.Build.0 = Release|Any CPU
	EndGlobalSection
	GlobalSection(SolutionProperties) = preSolution
		HideSolutionNode = FALSE
	EndGlobalSection
	GlobalSection(ExtensibilityGlobals) = postSolution
		SolutionGuid = {240BA2FD-6048-4957-94A7-52426BD75ACA}
	EndGlobalSection
EndGlobal
